
Microsoft Visual Studio Solution File, Format Version 12.00
# Visual Studio Version 17
VisualStudioVersion = 17.9.34902.65
MinimumVisualStudioVersion = 10.0.40219.1
Project("{FAE04EC0-301F-11D3-BF4B-00C04F79EFBC}") = "Dependency_Injection_12", "Dependency_Injection_12.csproj", "{34913800-BC28-488A-9271-223C227917A1}"
EndProject
Global
	GlobalSection(SolutionConfigurationPlatforms) = preSolution
		Debug|Any CPU = Debug|Any CPU
		Release|Any CPU = Release|Any CPU
	EndGlobalSection
	GlobalSection(ProjectConfigurationPlatforms) = postSolution
		{34913800-BC28-488A-9271-223C227917A1}.Debug|Any CPU.ActiveCfg = Debug|Any CPU
		{34913800-BC28-488A-9271-223C227917A1}.Debug|Any CPU.Build.0 = Debug|Any CPU
		{34913800-BC28-488A-9271-223C227917A1}.Release|Any CPU.ActiveCfg = Release|Any CPU
		{34913800-BC28-488A-9271-223C227917A1}.Release|Any CPU.Build.0 = Release|Any CPU
	EndGlobalSection
	GlobalSection(SolutionProperties) = preSolution
		HideSolutionNode = FALSE
	EndGlobalSection
	GlobalSection(ExtensibilityGlobals) = postSolution
		SolutionGuid = {4C4BF584-899B-4489-8531-DF23E15E67B0}
	EndGlobalSection
EndGlobal
