
Microsoft Visual Studio Solution File, Format Version 12.00
# Visual Studio Version 17
VisualStudioVersion = 17.9.34902.65
MinimumVisualStudioVersion = 10.0.40219.1
Project("{FAE04EC0-301F-11D3-BF4B-00C04F79EFBC}") = "UsingDbContext", "UsingDbContext.csproj", "{19F82D1A-C8F1-4D42-B7C0-7D9D3FB4764C}"
EndProject
Global
	GlobalSection(SolutionConfigurationPlatforms) = preSolution
		Debug|Any CPU = Debug|Any CPU
		Release|Any CPU = Release|Any CPU
	EndGlobalSection
	GlobalSection(ProjectConfigurationPlatforms) = postSolution
		{19F82D1A-C8F1-4D42-B7C0-7D9D3FB4764C}.Debug|Any CPU.ActiveCfg = Debug|Any CPU
		{19F82D1A-C8F1-4D42-B7C0-7D9D3FB4764C}.Debug|Any CPU.Build.0 = Debug|Any CPU
		{19F82D1A-C8F1-4D42-B7C0-7D9D3FB4764C}.Release|Any CPU.ActiveCfg = Release|Any CPU
		{19F82D1A-C8F1-4D42-B7C0-7D9D3FB4764C}.Release|Any CPU.Build.0 = Release|Any CPU
	EndGlobalSection
	GlobalSection(SolutionProperties) = preSolution
		HideSolutionNode = FALSE
	EndGlobalSection
	GlobalSection(ExtensibilityGlobals) = postSolution
		SolutionGuid = {8ADB7E8D-D47A-4199-B889-05276A20C7E0}
	EndGlobalSection
EndGlobal
